// !$*UTF8*$!
{
	archiveVersion = 1;
	classes = {
	};
	objectVersion = 55;
	objects = {

/* Begin PBXBuildFile section */
		63E9EF852795A62500C1D8D2 /* AppDelegate.swift in Sources */ = {isa = PBXBuildFile; fileRef = 63E9EF842795A62500C1D8D2 /* AppDelegate.swift */; };
		63E9EF872795A62500C1D8D2 /* SceneDelegate.swift in Sources */ = {isa = PBXBuildFile; fileRef = 63E9EF862795A62500C1D8D2 /* SceneDelegate.swift */; };
		63E9EF892795A62500C1D8D2 /* ViewController.swift in Sources */ = {isa = PBXBuildFile; fileRef = 63E9EF882795A62500C1D8D2 /* ViewController.swift */; };
		63E9EF8C2795A62500C1D8D2 /* Main.storyboard in Resources */ = {isa = PBXBuildFile; fileRef = 63E9EF8A2795A62500C1D8D2 /* Main.storyboard */; };
		63E9EF8E2795A62600C1D8D2 /* Assets.xcassets in Resources */ = {isa = PBXBuildFile; fileRef = 63E9EF8D2795A62600C1D8D2 /* Assets.xcassets */; };
		63E9EF912795A62600C1D8D2 /* LaunchScreen.storyboard in Resources */ = {isa = PBXBuildFile; fileRef = 63E9EF8F2795A62600C1D8D2 /* LaunchScreen.storyboard */; };
		63E9EF9C2795A62600C1D8D2 /* AUCParkTests.swift in Sources */ = {isa = PBXBuildFile; fileRef = 63E9EF9B2795A62600C1D8D2 /* AUCParkTests.swift */; };
		63E9EFA62795A62600C1D8D2 /* AUCParkUITests.swift in Sources */ = {isa = PBXBuildFile; fileRef = 63E9EFA52795A62600C1D8D2 /* AUCParkUITests.swift */; };
		63E9EFA82795A62600C1D8D2 /* AUCParkUITestsLaunchTests.swift in Sources */ = {isa = PBXBuildFile; fileRef = 63E9EFA72795A62600C1D8D2 /* AUCParkUITestsLaunchTests.swift */; };
		63E9EFC3279655FC00C1D8D2 /* Map.swift in Sources */ = {isa = PBXBuildFile; fileRef = 63E9EFC2279655FC00C1D8D2 /* Map.swift */; };
		63E9EFC5279737BB00C1D8D2 /* MapsViewController.swift in Sources */ = {isa = PBXBuildFile; fileRef = 63E9EFC4279737BB00C1D8D2 /* MapsViewController.swift */; };
		63E9EFC72797483E00C1D8D2 /* TabBarViewController.swift in Sources */ = {isa = PBXBuildFile; fileRef = 63E9EFC62797483D00C1D8D2 /* TabBarViewController.swift */; };
		63E9EFC927975CAD00C1D8D2 /* SignInViewController.swift in Sources */ = {isa = PBXBuildFile; fileRef = 63E9EFC827975CAD00C1D8D2 /* SignInViewController.swift */; };
		63E9EFCB27983F7100C1D8D2 /* StatusViewController.swift in Sources */ = {isa = PBXBuildFile; fileRef = 63E9EFCA27983F7100C1D8D2 /* StatusViewController.swift */; };
		63E9EFCD2798492600C1D8D2 /* WatsonViewController.swift in Sources */ = {isa = PBXBuildFile; fileRef = 63E9EFCC2798492600C1D8D2 /* WatsonViewController.swift */; };
/* End PBXBuildFile section */

/* Begin PBXContainerItemProxy section */
		63E9EF982795A62600C1D8D2 /* PBXContainerItemProxy */ = {
			isa = PBXContainerItemProxy;
			containerPortal = 63E9EF792795A62500C1D8D2 /* Project object */;
			proxyType = 1;
			remoteGlobalIDString = 63E9EF802795A62500C1D8D2;
			remoteInfo = AUCPark;
		};
		63E9EFA22795A62600C1D8D2 /* PBXContainerItemProxy */ = {
			isa = PBXContainerItemProxy;
			containerPortal = 63E9EF792795A62500C1D8D2 /* Project object */;
			proxyType = 1;
			remoteGlobalIDString = 63E9EF802795A62500C1D8D2;
			remoteInfo = AUCPark;
		};
/* End PBXContainerItemProxy section */

/* Begin PBXFileReference section */
		63E9EF812795A62500C1D8D2 /* AUCPark.app */ = {isa = PBXFileReference; explicitFileType = wrapper.application; includeInIndex = 0; path = AUCPark.app; sourceTree = BUILT_PRODUCTS_DIR; };
		63E9EF842795A62500C1D8D2 /* AppDelegate.swift */ = {isa = PBXFileReference; lastKnownFileType = sourcecode.swift; path = AppDelegate.swift; sourceTree = "<group>"; };
		63E9EF862795A62500C1D8D2 /* SceneDelegate.swift */ = {isa = PBXFileReference; lastKnownFileType = sourcecode.swift; path = SceneDelegate.swift; sourceTree = "<group>"; };
		63E9EF882795A62500C1D8D2 /* ViewController.swift */ = {isa = PBXFileReference; lastKnownFileType = sourcecode.swift; path = ViewController.swift; sourceTree = "<group>"; };
		63E9EF8B2795A62500C1D8D2 /* Base */ = {isa = PBXFileReference; lastKnownFileType = file.storyboard; name = Base; path = Base.lproj/Main.storyboard; sourceTree = "<group>"; };
		63E9EF8D2795A62600C1D8D2 /* Assets.xcassets */ = {isa = PBXFileReference; lastKnownFileType = folder.assetcatalog; path = Assets.xcassets; sourceTree = "<group>"; };
		63E9EF902795A62600C1D8D2 /* Base */ = {isa = PBXFileReference; lastKnownFileType = file.storyboard; name = Base; path = Base.lproj/LaunchScreen.storyboard; sourceTree = "<group>"; };
		63E9EF922795A62600C1D8D2 /* Info.plist */ = {isa = PBXFileReference; lastKnownFileType = text.plist.xml; path = Info.plist; sourceTree = "<group>"; };
		63E9EF972795A62600C1D8D2 /* AUCParkTests.xctest */ = {isa = PBXFileReference; explicitFileType = wrapper.cfbundle; includeInIndex = 0; path = AUCParkTests.xctest; sourceTree = BUILT_PRODUCTS_DIR; };
		63E9EF9B2795A62600C1D8D2 /* AUCParkTests.swift */ = {isa = PBXFileReference; lastKnownFileType = sourcecode.swift; path = AUCParkTests.swift; sourceTree = "<group>"; };
		63E9EFA12795A62600C1D8D2 /* AUCParkUITests.xctest */ = {isa = PBXFileReference; explicitFileType = wrapper.cfbundle; includeInIndex = 0; path = AUCParkUITests.xctest; sourceTree = BUILT_PRODUCTS_DIR; };
		63E9EFA52795A62600C1D8D2 /* AUCParkUITests.swift */ = {isa = PBXFileReference; lastKnownFileType = sourcecode.swift; path = AUCParkUITests.swift; sourceTree = "<group>"; };
		63E9EFA72795A62600C1D8D2 /* AUCParkUITestsLaunchTests.swift */ = {isa = PBXFileReference; lastKnownFileType = sourcecode.swift; path = AUCParkUITestsLaunchTests.swift; sourceTree = "<group>"; };
		63E9EFC2279655FC00C1D8D2 /* Map.swift */ = {isa = PBXFileReference; lastKnownFileType = sourcecode.swift; path = Map.swift; sourceTree = "<group>"; };
		63E9EFC4279737BB00C1D8D2 /* MapsViewController.swift */ = {isa = PBXFileReference; lastKnownFileType = sourcecode.swift; name = MapsViewController.swift; path = AUCPark/MapsViewController.swift; sourceTree = "<group>"; };
		63E9EFC62797483D00C1D8D2 /* TabBarViewController.swift */ = {isa = PBXFileReference; lastKnownFileType = sourcecode.swift; name = TabBarViewController.swift; path = AUCPark/TabBarViewController.swift; sourceTree = "<group>"; };
		63E9EFC827975CAD00C1D8D2 /* SignInViewController.swift */ = {isa = PBXFileReference; lastKnownFileType = sourcecode.swift; name = SignInViewController.swift; path = AUCPark/SignInViewController.swift; sourceTree = "<group>"; };
		63E9EFCA27983F7100C1D8D2 /* StatusViewController.swift */ = {isa = PBXFileReference; lastKnownFileType = sourcecode.swift; name = StatusViewController.swift; path = AUCPark/StatusViewController.swift; sourceTree = "<group>"; };
		63E9EFCC2798492600C1D8D2 /* WatsonViewController.swift */ = {isa = PBXFileReference; lastKnownFileType = sourcecode.swift; name = WatsonViewController.swift; path = AUCPark/WatsonViewController.swift; sourceTree = "<group>"; };
/* End PBXFileReference section */

/* Begin PBXFrameworksBuildPhase section */
		63E9EF7E2795A62500C1D8D2 /* Frameworks */ = {
			isa = PBXFrameworksBuildPhase;
			buildActionMask = 2147483647;
			files = (
			);
			runOnlyForDeploymentPostprocessing = 0;
		};
		63E9EF942795A62600C1D8D2 /* Frameworks */ = {
			isa = PBXFrameworksBuildPhase;
			buildActionMask = 2147483647;
			files = (
			);
			runOnlyForDeploymentPostprocessing = 0;
		};
		63E9EF9E2795A62600C1D8D2 /* Frameworks */ = {
			isa = PBXFrameworksBuildPhase;
			buildActionMask = 2147483647;
			files = (
			);
			runOnlyForDeploymentPostprocessing = 0;
		};
/* End PBXFrameworksBuildPhase section */

/* Begin PBXGroup section */
		63E9EF782795A62500C1D8D2 = {
			isa = PBXGroup;
			children = (
				63E9EFCC2798492600C1D8D2 /* WatsonViewController.swift */,
				63E9EFCA27983F7100C1D8D2 /* StatusViewController.swift */,
				63E9EFC827975CAD00C1D8D2 /* SignInViewController.swift */,
				63E9EFC62797483D00C1D8D2 /* TabBarViewController.swift */,
				63E9EFC4279737BB00C1D8D2 /* MapsViewController.swift */,
				63E9EF832795A62500C1D8D2 /* AUCPark */,
				63E9EF9A2795A62600C1D8D2 /* AUCParkTests */,
				63E9EFA42795A62600C1D8D2 /* AUCParkUITests */,
				63E9EF822795A62500C1D8D2 /* Products */,
			);
			sourceTree = "<group>";
		};
		63E9EF822795A62500C1D8D2 /* Products */ = {
			isa = PBXGroup;
			children = (
				63E9EF812795A62500C1D8D2 /* AUCPark.app */,
				63E9EF972795A62600C1D8D2 /* AUCParkTests.xctest */,
				63E9EFA12795A62600C1D8D2 /* AUCParkUITests.xctest */,
			);
			name = Products;
			sourceTree = "<group>";
		};
		63E9EF832795A62500C1D8D2 /* AUCPark */ = {
			isa = PBXGroup;
			children = (
				63E9EF842795A62500C1D8D2 /* AppDelegate.swift */,
				63E9EF862795A62500C1D8D2 /* SceneDelegate.swift */,
				63E9EF882795A62500C1D8D2 /* ViewController.swift */,
				63E9EF8A2795A62500C1D8D2 /* Main.storyboard */,
				63E9EF8D2795A62600C1D8D2 /* Assets.xcassets */,
				63E9EF8F2795A62600C1D8D2 /* LaunchScreen.storyboard */,
				63E9EF922795A62600C1D8D2 /* Info.plist */,
				63E9EFC2279655FC00C1D8D2 /* Map.swift */,
			);
			path = AUCPark;
			sourceTree = "<group>";
		};
		63E9EF9A2795A62600C1D8D2 /* AUCParkTests */ = {
			isa = PBXGroup;
			children = (
				63E9EF9B2795A62600C1D8D2 /* AUCParkTests.swift */,
			);
			path = AUCParkTests;
			sourceTree = "<group>";
		};
		63E9EFA42795A62600C1D8D2 /* AUCParkUITests */ = {
			isa = PBXGroup;
			children = (
				63E9EFA52795A62600C1D8D2 /* AUCParkUITests.swift */,
				63E9EFA72795A62600C1D8D2 /* AUCParkUITestsLaunchTests.swift */,
			);
			path = AUCParkUITests;
			sourceTree = "<group>";
		};
/* End PBXGroup section */

/* Begin PBXNativeTarget section */
		63E9EF802795A62500C1D8D2 /* AUCPark */ = {
			isa = PBXNativeTarget;
			buildConfigurationList = 63E9EFAB2795A62600C1D8D2 /* Build configuration list for PBXNativeTarget "AUCPark" */;
			buildPhases = (
				63E9EF7D2795A62500C1D8D2 /* Sources */,
				63E9EF7E2795A62500C1D8D2 /* Frameworks */,
				63E9EF7F2795A62500C1D8D2 /* Resources */,
			);
			buildRules = (
			);
			dependencies = (
			);
			name = AUCPark;
			productName = AUCPark;
			productReference = 63E9EF812795A62500C1D8D2 /* AUCPark.app */;
			productType = "com.apple.product-type.application";
		};
		63E9EF962795A62600C1D8D2 /* AUCParkTests */ = {
			isa = PBXNativeTarget;
			buildConfigurationList = 63E9EFAE2795A62600C1D8D2 /* Build configuration list for PBXNativeTarget "AUCParkTests" */;
			buildPhases = (
				63E9EF932795A62600C1D8D2 /* Sources */,
				63E9EF942795A62600C1D8D2 /* Frameworks */,
				63E9EF952795A62600C1D8D2 /* Resources */,
			);
			buildRules = (
			);
			dependencies = (
				63E9EF992795A62600C1D8D2 /* PBXTargetDependency */,
			);
			name = AUCParkTests;
			productName = AUCParkTests;
			productReference = 63E9EF972795A62600C1D8D2 /* AUCParkTests.xctest */;
			productType = "com.apple.product-type.bundle.unit-test";
		};
		63E9EFA02795A62600C1D8D2 /* AUCParkUITests */ = {
			isa = PBXNativeTarget;
			buildConfigurationList = 63E9EFB12795A62600C1D8D2 /* Build configuration list for PBXNativeTarget "AUCParkUITests" */;
			buildPhases = (
				63E9EF9D2795A62600C1D8D2 /* Sources */,
				63E9EF9E2795A62600C1D8D2 /* Frameworks */,
				63E9EF9F2795A62600C1D8D2 /* Resources */,
			);
			buildRules = (
			);
			dependencies = (
				63E9EFA32795A62600C1D8D2 /* PBXTargetDependency */,
			);
			name = AUCParkUITests;
			productName = AUCParkUITests;
			productReference = 63E9EFA12795A62600C1D8D2 /* AUCParkUITests.xctest */;
			productType = "com.apple.product-type.bundle.ui-testing";
		};
/* End PBXNativeTarget section */

/* Begin PBXProject section */
		63E9EF792795A62500C1D8D2 /* Project object */ = {
			isa = PBXProject;
			attributes = {
				BuildIndependentTargetsInParallel = 1;
				LastSwiftUpdateCheck = 1320;
				LastUpgradeCheck = 1320;
				TargetAttributes = {
					63E9EF802795A62500C1D8D2 = {
						CreatedOnToolsVersion = 13.2.1;
					};
					63E9EF962795A62600C1D8D2 = {
						CreatedOnToolsVersion = 13.2.1;
						TestTargetID = 63E9EF802795A62500C1D8D2;
					};
					63E9EFA02795A62600C1D8D2 = {
						CreatedOnToolsVersion = 13.2.1;
						TestTargetID = 63E9EF802795A62500C1D8D2;
					};
				};
			};
			buildConfigurationList = 63E9EF7C2795A62500C1D8D2 /* Build configuration list for PBXProject "AUCPark" */;
			compatibilityVersion = "Xcode 13.0";
			developmentRegion = en;
			hasScannedForEncodings = 0;
			knownRegions = (
				en,
				Base,
			);
			mainGroup = 63E9EF782795A62500C1D8D2;
			productRefGroup = 63E9EF822795A62500C1D8D2 /* Products */;
			projectDirPath = "";
			projectRoot = "";
			targets = (
				63E9EF802795A62500C1D8D2 /* AUCPark */,
				63E9EF962795A62600C1D8D2 /* AUCParkTests */,
				63E9EFA02795A62600C1D8D2 /* AUCParkUITests */,
			);
		};
/* End PBXProject section */

/* Begin PBXResourcesBuildPhase section */
		63E9EF7F2795A62500C1D8D2 /* Resources */ = {
			isa = PBXResourcesBuildPhase;
			buildActionMask = 2147483647;
			files = (
				63E9EF912795A62600C1D8D2 /* LaunchScreen.storyboard in Resources */,
				63E9EF8E2795A62600C1D8D2 /* Assets.xcassets in Resources */,
				63E9EF8C2795A62500C1D8D2 /* Main.storyboard in Resources */,
			);
			runOnlyForDeploymentPostprocessing = 0;
		};
		63E9EF952795A62600C1D8D2 /* Resources */ = {
			isa = PBXResourcesBuildPhase;
			buildActionMask = 2147483647;
			files = (
			);
			runOnlyForDeploymentPostprocessing = 0;
		};
		63E9EF9F2795A62600C1D8D2 /* Resources */ = {
			isa = PBXResourcesBuildPhase;
			buildActionMask = 2147483647;
			files = (
			);
			runOnlyForDeploymentPostprocessing = 0;
		};
/* End PBXResourcesBuildPhase section */

/* Begin PBXSourcesBuildPhase section */
		63E9EF7D2795A62500C1D8D2 /* Sources */ = {
			isa = PBXSourcesBuildPhase;
			buildActionMask = 2147483647;
			files = (
				63E9EFCB27983F7100C1D8D2 /* StatusViewController.swift in Sources */,
				63E9EFC927975CAD00C1D8D2 /* SignInViewController.swift in Sources */,
				63E9EFCD2798492600C1D8D2 /* WatsonViewController.swift in Sources */,
				63E9EFC5279737BB00C1D8D2 /* MapsViewController.swift in Sources */,
				63E9EF892795A62500C1D8D2 /* ViewController.swift in Sources */,
				63E9EF852795A62500C1D8D2 /* AppDelegate.swift in Sources */,
				63E9EFC3279655FC00C1D8D2 /* Map.swift in Sources */,
				63E9EFC72797483E00C1D8D2 /* TabBarViewController.swift in Sources */,
				63E9EF872795A62500C1D8D2 /* SceneDelegate.swift in Sources */,
			);
			runOnlyForDeploymentPostprocessing = 0;
		};
		63E9EF932795A62600C1D8D2 /* Sources */ = {
			isa = PBXSourcesBuildPhase;
			buildActionMask = 2147483647;
			files = (
				63E9EF9C2795A62600C1D8D2 /* AUCParkTests.swift in Sources */,
			);
			runOnlyForDeploymentPostprocessing = 0;
		};
		63E9EF9D2795A62600C1D8D2 /* Sources */ = {
			isa = PBXSourcesBuildPhase;
			buildActionMask = 2147483647;
			files = (
				63E9EFA82795A62600C1D8D2 /* AUCParkUITestsLaunchTests.swift in Sources */,
				63E9EFA62795A62600C1D8D2 /* AUCParkUITests.swift in Sources */,
			);
			runOnlyForDeploymentPostprocessing = 0;
		};
/* End PBXSourcesBuildPhase section */

/* Begin PBXTargetDependency section */
		63E9EF992795A62600C1D8D2 /* PBXTargetDependency */ = {
			isa = PBXTargetDependency;
			target = 63E9EF802795A62500C1D8D2 /* AUCPark */;
			targetProxy = 63E9EF982795A62600C1D8D2 /* PBXContainerItemProxy */;
		};
		63E9EFA32795A62600C1D8D2 /* PBXTargetDependency */ = {
			isa = PBXTargetDependency;
			target = 63E9EF802795A62500C1D8D2 /* AUCPark */;
			targetProxy = 63E9EFA22795A62600C1D8D2 /* PBXContainerItemProxy */;
		};
/* End PBXTargetDependency section */

/* Begin PBXVariantGroup section */
		63E9EF8A2795A62500C1D8D2 /* Main.storyboard */ = {
			isa = PBXVariantGroup;
			children = (
				63E9EF8B2795A62500C1D8D2 /* Base */,
			);
			name = Main.storyboard;
			sourceTree = "<group>";
		};
		63E9EF8F2795A62600C1D8D2 /* LaunchScreen.storyboard */ = {
			isa = PBXVariantGroup;
			children = (
				63E9EF902795A62600C1D8D2 /* Base */,
			);
			name = LaunchScreen.storyboard;
			sourceTree = "<group>";
		};
/* End PBXVariantGroup section */

/* Begin XCBuildConfiguration section */
		63E9EFA92795A62600C1D8D2 /* Debug */ = {
			isa = XCBuildConfiguration;
			buildSettings = {
				ALWAYS_SEARCH_USER_PATHS = NO;
				CLANG_ANALYZER_NONNULL = YES;
				CLANG_ANALYZER_NUMBER_OBJECT_CONVERSION = YES_AGGRESSIVE;
				CLANG_CXX_LANGUAGE_STANDARD = "gnu++17";
				CLANG_CXX_LIBRARY = "libc++";
				CLANG_ENABLE_MODULES = YES;
				CLANG_ENABLE_OBJC_ARC = YES;
				CLANG_ENABLE_OBJC_WEAK = YES;
				CLANG_WARN_BLOCK_CAPTURE_AUTORELEASING = YES;
				CLANG_WARN_BOOL_CONVERSION = YES;
				CLANG_WARN_COMMA = YES;
				CLANG_WARN_CONSTANT_CONVERSION = YES;
				CLANG_WARN_DEPRECATED_OBJC_IMPLEMENTATIONS = YES;
				CLANG_WARN_DIRECT_OBJC_ISA_USAGE = YES_ERROR;
				CLANG_WARN_DOCUMENTATION_COMMENTS = YES;
				CLANG_WARN_EMPTY_BODY = YES;
				CLANG_WARN_ENUM_CONVERSION = YES;
				CLANG_WARN_INFINITE_RECURSION = YES;
				CLANG_WARN_INT_CONVERSION = YES;
				CLANG_WARN_NON_LITERAL_NULL_CONVERSION = YES;
				CLANG_WARN_OBJC_IMPLICIT_RETAIN_SELF = YES;
				CLANG_WARN_OBJC_LITERAL_CONVERSION = YES;
				CLANG_WARN_OBJC_ROOT_CLASS = YES_ERROR;
				CLANG_WARN_QUOTED_INCLUDE_IN_FRAMEWORK_HEADER = YES;
				CLANG_WARN_RANGE_LOOP_ANALYSIS = YES;
				CLANG_WARN_STRICT_PROTOTYPES = YES;
				CLANG_WARN_SUSPICIOUS_MOVE = YES;
				CLANG_WARN_UNGUARDED_AVAILABILITY = YES_AGGRESSIVE;
				CLANG_WARN_UNREACHABLE_CODE = YES;
				CLANG_WARN__DUPLICATE_METHOD_MATCH = YES;
				COPY_PHASE_STRIP = NO;
				DEBUG_INFORMATION_FORMAT = dwarf;
				ENABLE_STRICT_OBJC_MSGSEND = YES;
				ENABLE_TESTABILITY = YES;
				GCC_C_LANGUAGE_STANDARD = gnu11;
				GCC_DYNAMIC_NO_PIC = NO;
				GCC_NO_COMMON_BLOCKS = YES;
				GCC_OPTIMIZATION_LEVEL = 0;
				GCC_PREPROCESSOR_DEFINITIONS = (
					"DEBUG=1",
					"$(inherited)",
				);
				GCC_WARN_64_TO_32_BIT_CONVERSION = YES;
				GCC_WARN_ABOUT_RETURN_TYPE = YES_ERROR;
				GCC_WARN_UNDECLARED_SELECTOR = YES;
				GCC_WARN_UNINITIALIZED_AUTOS = YES_AGGRESSIVE;
				GCC_WARN_UNUSED_FUNCTION = YES;
				GCC_WARN_UNUSED_VARIABLE = YES;
				IPHONEOS_DEPLOYMENT_TARGET = 15.2;
				MTL_ENABLE_DEBUG_INFO = INCLUDE_SOURCE;
				MTL_FAST_MATH = YES;
				ONLY_ACTIVE_ARCH = YES;
				SDKROOT = iphoneos;
				SWIFT_ACTIVE_COMPILATION_CONDITIONS = DEBUG;
				SWIFT_OPTIMIZATION_LEVEL = "-Onone";
			};
			name = Debug;
		};
		63E9EFAA2795A62600C1D8D2 /* Release */ = {
			isa = XCBuildConfiguration;
			buildSettings = {
				ALWAYS_SEARCH_USER_PATHS = NO;
				CLANG_ANALYZER_NONNULL = YES;
				CLANG_ANALYZER_NUMBER_OBJECT_CONVERSION = YES_AGGRESSIVE;
				CLANG_CXX_LANGUAGE_STANDARD = "gnu++17";
				CLANG_CXX_LIBRARY = "libc++";
				CLANG_ENABLE_MODULES = YES;
				CLANG_ENABLE_OBJC_ARC = YES;
				CLANG_ENABLE_OBJC_WEAK = YES;
				CLANG_WARN_BLOCK_CAPTURE_AUTORELEASING = YES;
				CLANG_WARN_BOOL_CONVERSION = YES;
				CLANG_WARN_COMMA = YES;
				CLANG_WARN_CONSTANT_CONVERSION = YES;
				CLANG_WARN_DEPRECATED_OBJC_IMPLEMENTATIONS = YES;
				CLANG_WARN_DIRECT_OBJC_ISA_USAGE = YES_ERROR;
				CLANG_WARN_DOCUMENTATION_COMMENTS = YES;
				CLANG_WARN_EMPTY_BODY = YES;
				CLANG_WARN_ENUM_CONVERSION = YES;
				CLANG_WARN_INFINITE_RECURSION = YES;
				CLANG_WARN_INT_CONVERSION = YES;
				CLANG_WARN_NON_LITERAL_NULL_CONVERSION = YES;
				CLANG_WARN_OBJC_IMPLICIT_RETAIN_SELF = YES;
				CLANG_WARN_OBJC_LITERAL_CONVERSION = YES;
				CLANG_WARN_OBJC_ROOT_CLASS = YES_ERROR;
				CLANG_WARN_QUOTED_INCLUDE_IN_FRAMEWORK_HEADER = YES;
				CLANG_WARN_RANGE_LOOP_ANALYSIS = YES;
				CLANG_WARN_STRICT_PROTOTYPES = YES;
				CLANG_WARN_SUSPICIOUS_MOVE = YES;
				CLANG_WARN_UNGUARDED_AVAILABILITY = YES_AGGRESSIVE;
				CLANG_WARN_UNREACHABLE_CODE = YES;
				CLANG_WARN__DUPLICATE_METHOD_MATCH = YES;
				COPY_PHASE_STRIP = NO;
				DEBUG_INFORMATION_FORMAT = "dwarf-with-dsym";
				ENABLE_NS_ASSERTIONS = NO;
				ENABLE_STRICT_OBJC_MSGSEND = YES;
				GCC_C_LANGUAGE_STANDARD = gnu11;
				GCC_NO_COMMON_BLOCKS = YES;
				GCC_WARN_64_TO_32_BIT_CONVERSION = YES;
				GCC_WARN_ABOUT_RETURN_TYPE = YES_ERROR;
				GCC_WARN_UNDECLARED_SELECTOR = YES;
				GCC_WARN_UNINITIALIZED_AUTOS = YES_AGGRESSIVE;
				GCC_WARN_UNUSED_FUNCTION = YES;
				GCC_WARN_UNUSED_VARIABLE = YES;
				IPHONEOS_DEPLOYMENT_TARGET = 15.2;
				MTL_ENABLE_DEBUG_INFO = NO;
				MTL_FAST_MATH = YES;
				SDKROOT = iphoneos;
				SWIFT_COMPILATION_MODE = wholemodule;
				SWIFT_OPTIMIZATION_LEVEL = "-O";
				VALIDATE_PRODUCT = YES;
			};
			name = Release;
		};
		63E9EFAC2795A62600C1D8D2 /* Debug */ = {
			isa = XCBuildConfiguration;
			buildSettings = {
				ASSETCATALOG_COMPILER_APPICON_NAME = AppIcon;
				ASSETCATALOG_COMPILER_GLOBAL_ACCENT_COLOR_NAME = AccentColor;
				CODE_SIGN_STYLE = Automatic;
				CURRENT_PROJECT_VERSION = 1;
				DEVELOPMENT_TEAM = 78JJ32Q6B2;
				GENERATE_INFOPLIST_FILE = YES;
				INFOPLIST_FILE = AUCPark/Info.plist;
				INFOPLIST_KEY_UIApplicationSupportsIndirectInputEvents = YES;
				INFOPLIST_KEY_UILaunchStoryboardName = LaunchScreen;
				INFOPLIST_KEY_UIMainStoryboardFile = Main;
				INFOPLIST_KEY_UISupportedInterfaceOrientations_iPad = "UIInterfaceOrientationPortrait UIInterfaceOrientationPortraitUpsideDown UIInterfaceOrientationLandscapeLeft UIInterfaceOrientationLandscapeRight";
				INFOPLIST_KEY_UISupportedInterfaceOrientations_iPhone = "UIInterfaceOrientationPortrait UIInterfaceOrientationLandscapeLeft UIInterfaceOrientationLandscapeRight";
				LD_RUNPATH_SEARCH_PATHS = (
					"$(inherited)",
					"@executable_path/Frameworks",
				);
				MARKETING_VERSION = 1.0;
				PRODUCT_BUNDLE_IDENTIFIER = test.AUCPark;
				PRODUCT_NAME = "$(TARGET_NAME)";
				SWIFT_EMIT_LOC_STRINGS = YES;
				SWIFT_VERSION = 5.0;
				TARGETED_DEVICE_FAMILY = "1,2";
			};
			name = Debug;
		};
		63E9EFAD2795A62600C1D8D2 /* Release */ = {
			isa = XCBuildConfiguration;
			buildSettings = {
				ASSETCATALOG_COMPILER_APPICON_NAME = AppIcon;
				ASSETCATALOG_COMPILER_GLOBAL_ACCENT_COLOR_NAME = AccentColor;
				CODE_SIGN_STYLE = Automatic;
				CURRENT_PROJECT_VERSION = 1;
				DEVELOPMENT_TEAM = 78JJ32Q6B2;
				GENERATE_INFOPLIST_FILE = YES;
				INFOPLIST_FILE = AUCPark/Info.plist;
				INFOPLIST_KEY_UIApplicationSupportsIndirectInputEvents = YES;
				INFOPLIST_KEY_UILaunchStoryboardName = LaunchScreen;
				INFOPLIST_KEY_UIMainStoryboardFile = Main;
				INFOPLIST_KEY_UISupportedInterfaceOrientations_iPad = "UIInterfaceOrientationPortrait UIInterfaceOrientationPortraitUpsideDown UIInterfaceOrientationLandscapeLeft UIInterfaceOrientationLandscapeRight";
				INFOPLIST_KEY_UISupportedInterfaceOrientations_iPhone = "UIInterfaceOrientationPortrait UIInterfaceOrientationLandscapeLeft UIInterfaceOrientationLandscapeRight";
				LD_RUNPATH_SEARCH_PATHS = (
					"$(inherited)",
					"@executable_path/Frameworks",
				);
				MARKETING_VERSION = 1.0;
				PRODUCT_BUNDLE_IDENTIFIER = test.AUCPark;
				PRODUCT_NAME = "$(TARGET_NAME)";
				SWIFT_EMIT_LOC_STRINGS = YES;
				SWIFT_VERSION = 5.0;
				TARGETED_DEVICE_FAMILY = "1,2";
			};
			name = Release;
		};
		63E9EFAF2795A62600C1D8D2 /* Debug */ = {
			isa = XCBuildConfiguration;
			buildSettings = {
				ALWAYS_EMBED_SWIFT_STANDARD_LIBRARIES = YES;
				BUNDLE_LOADER = "$(TEST_HOST)";
				CODE_SIGN_STYLE = Automatic;
				CURRENT_PROJECT_VERSION = 1;
				DEVELOPMENT_TEAM = 78JJ32Q6B2;
				GENERATE_INFOPLIST_FILE = YES;
				IPHONEOS_DEPLOYMENT_TARGET = 15.2;
				MARKETING_VERSION = 1.0;
				PRODUCT_BUNDLE_IDENTIFIER = test.AUCParkTests;
				PRODUCT_NAME = "$(TARGET_NAME)";
				SWIFT_EMIT_LOC_STRINGS = NO;
				SWIFT_VERSION = 5.0;
				TARGETED_DEVICE_FAMILY = "1,2";
				TEST_HOST = "$(BUILT_PRODUCTS_DIR)/AUCPark.app/AUCPark";
			};
			name = Debug;
		};
		63E9EFB02795A62600C1D8D2 /* Release */ = {
			isa = XCBuildConfiguration;
			buildSettings = {
				ALWAYS_EMBED_SWIFT_STANDARD_LIBRARIES = YES;
				BUNDLE_LOADER = "$(TEST_HOST)";
				CODE_SIGN_STYLE = Automatic;
				CURRENT_PROJECT_VERSION = 1;
				DEVELOPMENT_TEAM = 78JJ32Q6B2;
				GENERATE_INFOPLIST_FILE = YES;
				IPHONEOS_DEPLOYMENT_TARGET = 15.2;
				MARKETING_VERSION = 1.0;
				PRODUCT_BUNDLE_IDENTIFIER = test.AUCParkTests;
				PRODUCT_NAME = "$(TARGET_NAME)";
				SWIFT_EMIT_LOC_STRINGS = NO;
				SWIFT_VERSION = 5.0;
				TARGETED_DEVICE_FAMILY = "1,2";
				TEST_HOST = "$(BUILT_PRODUCTS_DIR)/AUCPark.app/AUCPark";
			};
			name = Release;
		};
		63E9EFB22795A62600C1D8D2 /* Debug */ = {
			isa = XCBuildConfiguration;
			buildSettings = {
				ALWAYS_EMBED_SWIFT_STANDARD_LIBRARIES = YES;
				CODE_SIGN_STYLE = Automatic;
				CURRENT_PROJECT_VERSION = 1;
				DEVELOPMENT_TEAM = 78JJ32Q6B2;
				GENERATE_INFOPLIST_FILE = YES;
				MARKETING_VERSION = 1.0;
				PRODUCT_BUNDLE_IDENTIFIER = test.AUCParkUITests;
				PRODUCT_NAME = "$(TARGET_NAME)";
				SWIFT_EMIT_LOC_STRINGS = NO;
				SWIFT_VERSION = 5.0;
				TARGETED_DEVICE_FAMILY = "1,2";
				TEST_TARGET_NAME = AUCPark;
			};
			name = Debug;
		};
		63E9EFB32795A62600C1D8D2 /* Release */ = {
			isa = XCBuildConfiguration;
			buildSettings = {
				ALWAYS_EMBED_SWIFT_STANDARD_LIBRARIES = YES;
				CODE_SIGN_STYLE = Automatic;
				CURRENT_PROJECT_VERSION = 1;
				DEVELOPMENT_TEAM = 78JJ32Q6B2;
				GENERATE_INFOPLIST_FILE = YES;
				MARKETING_VERSION = 1.0;
				PRODUCT_BUNDLE_IDENTIFIER = test.AUCParkUITests;
				PRODUCT_NAME = "$(TARGET_NAME)";
				SWIFT_EMIT_LOC_STRINGS = NO;
				SWIFT_VERSION = 5.0;
				TARGETED_DEVICE_FAMILY = "1,2";
				TEST_TARGET_NAME = AUCPark;
			};
			name = Release;
		};
/* End XCBuildConfiguration section */

/* Begin XCConfigurationList section */
		63E9EF7C2795A62500C1D8D2 /* Build configuration list for PBXProject "AUCPark" */ = {
			isa = XCConfigurationList;
			buildConfigurations = (
				63E9EFA92795A62600C1D8D2 /* Debug */,
				63E9EFAA2795A62600C1D8D2 /* Release */,
			);
			defaultConfigurationIsVisible = 0;
			defaultConfigurationName = Release;
		};
		63E9EFAB2795A62600C1D8D2 /* Build configuration list for PBXNativeTarget "AUCPark" */ = {
			isa = XCConfigurationList;
			buildConfigurations = (
				63E9EFAC2795A62600C1D8D2 /* Debug */,
				63E9EFAD2795A62600C1D8D2 /* Release */,
			);
			defaultConfigurationIsVisible = 0;
			defaultConfigurationName = Release;
		};
		63E9EFAE2795A62600C1D8D2 /* Build configuration list for PBXNativeTarget "AUCParkTests" */ = {
			isa = XCConfigurationList;
			buildConfigurations = (
				63E9EFAF2795A62600C1D8D2 /* Debug */,
				63E9EFB02795A62600C1D8D2 /* Release */,
			);
			defaultConfigurationIsVisible = 0;
			defaultConfigurationName = Release;
		};
		63E9EFB12795A62600C1D8D2 /* Build configuration list for PBXNativeTarget "AUCParkUITests" */ = {
			isa = XCConfigurationList;
			buildConfigurations = (
				63E9EFB22795A62600C1D8D2 /* Debug */,
				63E9EFB32795A62600C1D8D2 /* Release */,
			);
			defaultConfigurationIsVisible = 0;
			defaultConfigurationName = Release;
		};
/* End XCConfigurationList section */
	};
	rootObject = 63E9EF792795A62500C1D8D2 /* Project object */;
}
